
Microsoft Visual Studio Solution File, Format Version 12.00
# Visual Studio Version 16
VisualStudioVersion = 16.0.29025.244
MinimumVisualStudioVersion = 10.0.40219.1
Project("{8BC9CEB8-8B4A-11D0-8D11-00A0C91BC942}") = "Lab 0", "Lab 0\Lab 0.vcxproj", "{2130271C-A90D-4F4E-8749-D6F39DF328B4}"
EndProject
Project("{8BC9CEB8-8B4A-11D0-8D11-00A0C91BC942}") = "Lab 1", "Lab 1\Lab 1.vcxproj", "{58B35444-3B47-4A5E-B56B-D1FA1341A768}"
EndProject
Project("{8BC9CEB8-8B4A-11D0-8D11-00A0C91BC942}") = "Practice", "Practice\Practice.vcxproj", "{A9D86EBC-D75D-4CD7-AE11-845412A90A27}"
EndProject
Project("{8BC9CEB8-8B4A-11D0-8D11-00A0C91BC942}") = "Lab 2", "Lab 2\Lab 2.vcxproj", "{3D9C897F-7E6E-44F1-8BA0-4D366C438E17}"
EndProject
Project("{8BC9CEB8-8B4A-11D0-8D11-00A0C91BC942}") = "Lab 3", "Lab 3\Lab 3.vcxproj", "{308E094E-C120-464C-987F-3A52B34502B8}"
EndProject
Project("{8BC9CEB8-8B4A-11D0-8D11-00A0C91BC942}") = "Lab 4", "Lab 4\Lab 4.vcxproj", "{A604A63C-315F-468C-8DBF-1553D543CC1E}"
EndProject
Project("{8BC9CEB8-8B4A-11D0-8D11-00A0C91BC942}") = "Lab 5", "Lab 5\Lab 5.vcxproj", "{DDE9008E-B417-4226-9EC9-C2AE2BC1FBAE}"
EndProject
Project("{8BC9CEB8-8B4A-11D0-8D11-00A0C91BC942}") = "ConsoleApplication1", "ConsoleApplication1\ConsoleApplication1.vcxproj", "{FB9C997A-CE98-4DEC-9698-D7B66EA6F553}"
EndProject
Project("{8BC9CEB8-8B4A-11D0-8D11-00A0C91BC942}") = "Lab 6", "Lab 6\Lab 6.vcxproj", "{9914C904-BB06-4FA7-A3C3-F04884606BB1}"
EndProject
Project("{8BC9CEB8-8B4A-11D0-8D11-00A0C91BC942}") = "In-Class Group Project", "In-Class Group Project\In-Class Group Project.vcxproj", "{540ADEAB-907C-46FE-B427-7C5170721E2C}"
EndProject
Project("{8BC9CEB8-8B4A-11D0-8D11-00A0C91BC942}") = "Lab 7", "Lab 7\Lab 7.vcxproj", "{3CFEA728-03D1-43E8-877D-9C5CEB090FD5}"
EndProject
Project("{8BC9CEB8-8B4A-11D0-8D11-00A0C91BC942}") = "Fun stuff", "Fun stuff\Fun stuff.vcxproj", "{359D7BF2-1F56-4F1C-975B-1584C3BFAE89}"
EndProject
Global
	GlobalSection(SolutionConfigurationPlatforms) = preSolution
		Debug|x64 = Debug|x64
		Debug|x86 = Debug|x86
		Release|x64 = Release|x64
		Release|x86 = Release|x86
	EndGlobalSection
	GlobalSection(ProjectConfigurationPlatforms) = postSolution
		{2130271C-A90D-4F4E-8749-D6F39DF328B4}.Debug|x64.ActiveCfg = Debug|x64
		{2130271C-A90D-4F4E-8749-D6F39DF328B4}.Debug|x64.Build.0 = Debug|x64
		{2130271C-A90D-4F4E-8749-D6F39DF328B4}.Debug|x86.ActiveCfg = Debug|Win32
		{2130271C-A90D-4F4E-8749-D6F39DF328B4}.Debug|x86.Build.0 = Debug|Win32
		{2130271C-A90D-4F4E-8749-D6F39DF328B4}.Release|x64.ActiveCfg = Release|x64
		{2130271C-A90D-4F4E-8749-D6F39DF328B4}.Release|x64.Build.0 = Release|x64
		{2130271C-A90D-4F4E-8749-D6F39DF328B4}.Release|x86.ActiveCfg = Release|Win32
		{2130271C-A90D-4F4E-8749-D6F39DF328B4}.Release|x86.Build.0 = Release|Win32
		{58B35444-3B47-4A5E-B56B-D1FA1341A768}.Debug|x64.ActiveCfg = Debug|x64
		{58B35444-3B47-4A5E-B56B-D1FA1341A768}.Debug|x64.Build.0 = Debug|x64
		{58B35444-3B47-4A5E-B56B-D1FA1341A768}.Debug|x86.ActiveCfg = Debug|Win32
		{58B35444-3B47-4A5E-B56B-D1FA1341A768}.Debug|x86.Build.0 = Debug|Win32
		{58B35444-3B47-4A5E-B56B-D1FA1341A768}.Release|x64.ActiveCfg = Release|x64
		{58B35444-3B47-4A5E-B56B-D1FA1341A768}.Release|x64.Build.0 = Release|x64
		{58B35444-3B47-4A5E-B56B-D1FA1341A768}.Release|x86.ActiveCfg = Release|Win32
		{58B35444-3B47-4A5E-B56B-D1FA1341A768}.Release|x86.Build.0 = Release|Win32
		{A9D86EBC-D75D-4CD7-AE11-845412A90A27}.Debug|x64.ActiveCfg = Debug|x64
		{A9D86EBC-D75D-4CD7-AE11-845412A90A27}.Debug|x64.Build.0 = Debug|x64
		{A9D86EBC-D75D-4CD7-AE11-845412A90A27}.Debug|x86.ActiveCfg = Debug|Win32
		{A9D86EBC-D75D-4CD7-AE11-845412A90A27}.Debug|x86.Build.0 = Debug|Win32
		{A9D86EBC-D75D-4CD7-AE11-845412A90A27}.Release|x64.ActiveCfg = Release|x64
		{A9D86EBC-D75D-4CD7-AE11-845412A90A27}.Release|x64.Build.0 = Release|x64
		{A9D86EBC-D75D-4CD7-AE11-845412A90A27}.Release|x86.ActiveCfg = Release|Win32
		{A9D86EBC-D75D-4CD7-AE11-845412A90A27}.Release|x86.Build.0 = Release|Win32
		{3D9C897F-7E6E-44F1-8BA0-4D366C438E17}.Debug|x64.ActiveCfg = Debug|x64
		{3D9C897F-7E6E-44F1-8BA0-4D366C438E17}.Debug|x64.Build.0 = Debug|x64
		{3D9C897F-7E6E-44F1-8BA0-4D366C438E17}.Debug|x86.ActiveCfg = Debug|Win32
		{3D9C897F-7E6E-44F1-8BA0-4D366C438E17}.Debug|x86.Build.0 = Debug|Win32
		{3D9C897F-7E6E-44F1-8BA0-4D366C438E17}.Release|x64.ActiveCfg = Release|x64
		{3D9C897F-7E6E-44F1-8BA0-4D366C438E17}.Release|x64.Build.0 = Release|x64
		{3D9C897F-7E6E-44F1-8BA0-4D366C438E17}.Release|x86.ActiveCfg = Release|Win32
		{3D9C897F-7E6E-44F1-8BA0-4D366C438E17}.Release|x86.Build.0 = Release|Win32
		{308E094E-C120-464C-987F-3A52B34502B8}.Debug|x64.ActiveCfg = Debug|x64
		{308E094E-C120-464C-987F-3A52B34502B8}.Debug|x64.Build.0 = Debug|x64
		{308E094E-C120-464C-987F-3A52B34502B8}.Debug|x86.ActiveCfg = Debug|Win32
		{308E094E-C120-464C-987F-3A52B34502B8}.Debug|x86.Build.0 = Debug|Win32
		{308E094E-C120-464C-987F-3A52B34502B8}.Release|x64.ActiveCfg = Release|x64
		{308E094E-C120-464C-987F-3A52B34502B8}.Release|x64.Build.0 = Release|x64
		{308E094E-C120-464C-987F-3A52B34502B8}.Release|x86.ActiveCfg = Release|Win32
		{308E094E-C120-464C-987F-3A52B34502B8}.Release|x86.Build.0 = Release|Win32
		{A604A63C-315F-468C-8DBF-1553D543CC1E}.Debug|x64.ActiveCfg = Debug|x64
		{A604A63C-315F-468C-8DBF-1553D543CC1E}.Debug|x64.Build.0 = Debug|x64
		{A604A63C-315F-468C-8DBF-1553D543CC1E}.Debug|x86.ActiveCfg = Debug|Win32
		{A604A63C-315F-468C-8DBF-1553D543CC1E}.Debug|x86.Build.0 = Debug|Win32
		{A604A63C-315F-468C-8DBF-1553D543CC1E}.Release|x64.ActiveCfg = Release|x64
		{A604A63C-315F-468C-8DBF-1553D543CC1E}.Release|x64.Build.0 = Release|x64
		{A604A63C-315F-468C-8DBF-1553D543CC1E}.Release|x86.ActiveCfg = Release|Win32
		{A604A63C-315F-468C-8DBF-1553D543CC1E}.Release|x86.Build.0 = Release|Win32
		{DDE9008E-B417-4226-9EC9-C2AE2BC1FBAE}.Debug|x64.ActiveCfg = Debug|x64
		{DDE9008E-B417-4226-9EC9-C2AE2BC1FBAE}.Debug|x64.Build.0 = Debug|x64
		{DDE9008E-B417-4226-9EC9-C2AE2BC1FBAE}.Debug|x86.ActiveCfg = Debug|Win32
		{DDE9008E-B417-4226-9EC9-C2AE2BC1FBAE}.Debug|x86.Build.0 = Debug|Win32
		{DDE9008E-B417-4226-9EC9-C2AE2BC1FBAE}.Release|x64.ActiveCfg = Release|x64
		{DDE9008E-B417-4226-9EC9-C2AE2BC1FBAE}.Release|x64.Build.0 = Release|x64
		{DDE9008E-B417-4226-9EC9-C2AE2BC1FBAE}.Release|x86.ActiveCfg = Release|Win32
		{DDE9008E-B417-4226-9EC9-C2AE2BC1FBAE}.Release|x86.Build.0 = Release|Win32
		{FB9C997A-CE98-4DEC-9698-D7B66EA6F553}.Debug|x64.ActiveCfg = Debug|x64
		{FB9C997A-CE98-4DEC-9698-D7B66EA6F553}.Debug|x64.Build.0 = Debug|x64
		{FB9C997A-CE98-4DEC-9698-D7B66EA6F553}.Debug|x86.ActiveCfg = Debug|Win32
		{FB9C997A-CE98-4DEC-9698-D7B66EA6F553}.Debug|x86.Build.0 = Debug|Win32
		{FB9C997A-CE98-4DEC-9698-D7B66EA6F553}.Release|x64.ActiveCfg = Release|x64
		{FB9C997A-CE98-4DEC-9698-D7B66EA6F553}.Release|x64.Build.0 = Release|x64
		{FB9C997A-CE98-4DEC-9698-D7B66EA6F553}.Release|x86.ActiveCfg = Release|Win32
		{FB9C997A-CE98-4DEC-9698-D7B66EA6F553}.Release|x86.Build.0 = Release|Win32
		{9914C904-BB06-4FA7-A3C3-F04884606BB1}.Debug|x64.ActiveCfg = Debug|x64
		{9914C904-BB06-4FA7-A3C3-F04884606BB1}.Debug|x64.Build.0 = Debug|x64
		{9914C904-BB06-4FA7-A3C3-F04884606BB1}.Debug|x86.ActiveCfg = Debug|Win32
		{9914C904-BB06-4FA7-A3C3-F04884606BB1}.Debug|x86.Build.0 = Debug|Win32
		{9914C904-BB06-4FA7-A3C3-F04884606BB1}.Release|x64.ActiveCfg = Release|x64
		{9914C904-BB06-4FA7-A3C3-F04884606BB1}.Release|x64.Build.0 = Release|x64
		{9914C904-BB06-4FA7-A3C3-F04884606BB1}.Release|x86.ActiveCfg = Release|Win32
		{9914C904-BB06-4FA7-A3C3-F04884606BB1}.Release|x86.Build.0 = Release|Win32
		{540ADEAB-907C-46FE-B427-7C5170721E2C}.Debug|x64.ActiveCfg = Debug|x64
		{540ADEAB-907C-46FE-B427-7C5170721E2C}.Debug|x64.Build.0 = Debug|x64
		{540ADEAB-907C-46FE-B427-7C5170721E2C}.Debug|x86.ActiveCfg = Debug|Win32
		{540ADEAB-907C-46FE-B427-7C5170721E2C}.Debug|x86.Build.0 = Debug|Win32
		{540ADEAB-907C-46FE-B427-7C5170721E2C}.Release|x64.ActiveCfg = Release|x64
		{540ADEAB-907C-46FE-B427-7C5170721E2C}.Release|x64.Build.0 = Release|x64
		{540ADEAB-907C-46FE-B427-7C5170721E2C}.Release|x86.ActiveCfg = Release|Win32
		{540ADEAB-907C-46FE-B427-7C5170721E2C}.Release|x86.Build.0 = Release|Win32
		{3CFEA728-03D1-43E8-877D-9C5CEB090FD5}.Debug|x64.ActiveCfg = Debug|x64
		{3CFEA728-03D1-43E8-877D-9C5CEB090FD5}.Debug|x64.Build.0 = Debug|x64
		{3CFEA728-03D1-43E8-877D-9C5CEB090FD5}.Debug|x86.ActiveCfg = Debug|Win32
		{3CFEA728-03D1-43E8-877D-9C5CEB090FD5}.Debug|x86.Build.0 = Debug|Win32
		{3CFEA728-03D1-43E8-877D-9C5CEB090FD5}.Release|x64.ActiveCfg = Release|x64
		{3CFEA728-03D1-43E8-877D-9C5CEB090FD5}.Release|x64.Build.0 = Release|x64
		{3CFEA728-03D1-43E8-877D-9C5CEB090FD5}.Release|x86.ActiveCfg = Release|Win32
		{3CFEA728-03D1-43E8-877D-9C5CEB090FD5}.Release|x86.Build.0 = Release|Win32
		{359D7BF2-1F56-4F1C-975B-1584C3BFAE89}.Debug|x64.ActiveCfg = Debug|x64
		{359D7BF2-1F56-4F1C-975B-1584C3BFAE89}.Debug|x64.Build.0 = Debug|x64
		{359D7BF2-1F56-4F1C-975B-1584C3BFAE89}.Debug|x86.ActiveCfg = Debug|Win32
		{359D7BF2-1F56-4F1C-975B-1584C3BFAE89}.Debug|x86.Build.0 = Debug|Win32
		{359D7BF2-1F56-4F1C-975B-1584C3BFAE89}.Release|x64.ActiveCfg = Release|x64
		{359D7BF2-1F56-4F1C-975B-1584C3BFAE89}.Release|x64.Build.0 = Release|x64
		{359D7BF2-1F56-4F1C-975B-1584C3BFAE89}.Release|x86.ActiveCfg = Release|Win32
		{359D7BF2-1F56-4F1C-975B-1584C3BFAE89}.Release|x86.Build.0 = Release|Win32
	EndGlobalSection
	GlobalSection(SolutionProperties) = preSolution
		HideSolutionNode = FALSE
	EndGlobalSection
	GlobalSection(ExtensibilityGlobals) = postSolution
		SolutionGuid = {DCBACF86-9B57-4911-A915-CF5060664067}
	EndGlobalSection
EndGlobal
